// !$*UTF8*$!
{
	archiveVersion = 1;
	classes = {
	};
	objectVersion = 46;
	objects = {

/* Begin PBXBuildFile section */
		AF58A4A31A53988800ED79E6 /* FeedViewController.m in Sources */ = {isa = PBXBuildFile; fileRef = AF58A4A21A53988800ED79E6 /* FeedViewController.m */; };
		AF58A4A61A539D3200ED79E6 /* FavoritesViewController.m in Sources */ = {isa = PBXBuildFile; fileRef = AF58A4A51A539D3200ED79E6 /* FavoritesViewController.m */; };
		AF58A4A91A53A03200ED79E6 /* ProfileViewController.m in Sources */ = {isa = PBXBuildFile; fileRef = AF58A4A81A53A03200ED79E6 /* ProfileViewController.m */; };
		AF6133031A5309BA0081CABC /* main.m in Sources */ = {isa = PBXBuildFile; fileRef = AF6133021A5309BA0081CABC /* main.m */; };
		AF6133061A5309BA0081CABC /* AppDelegate.m in Sources */ = {isa = PBXBuildFile; fileRef = AF6133051A5309BA0081CABC /* AppDelegate.m */; };
		AF6133091A5309BA0081CABC /* ViewController.m in Sources */ = {isa = PBXBuildFile; fileRef = AF6133081A5309BA0081CABC /* ViewController.m */; };
		AF61330C1A5309BA0081CABC /* Main.storyboard in Resources */ = {isa = PBXBuildFile; fileRef = AF61330A1A5309BA0081CABC /* Main.storyboard */; };
		AF61330E1A5309BA0081CABC /* Images.xcassets in Resources */ = {isa = PBXBuildFile; fileRef = AF61330D1A5309BA0081CABC /* Images.xcassets */; };
		AF6133111A5309BA0081CABC /* LaunchScreen.xib in Resources */ = {isa = PBXBuildFile; fileRef = AF61330F1A5309BA0081CABC /* LaunchScreen.xib */; };
		AF61331D1A5309BA0081CABC /* InstaPhotoTests.m in Sources */ = {isa = PBXBuildFile; fileRef = AF61331C1A5309BA0081CABC /* InstaPhotoTests.m */; };
		AFEFA1CA1A6C237E0012785B /* FeedTableViewController.m in Sources */ = {isa = PBXBuildFile; fileRef = AFEFA1C91A6C237E0012785B /* FeedTableViewController.m */; };
		AFEFA1CD1A6C6DBB0012785B /* PhotoViewController.m in Sources */ = {isa = PBXBuildFile; fileRef = AFEFA1CC1A6C6DBB0012785B /* PhotoViewController.m */; };
		AFEFA1E21A6D8A080012785B /* AFHTTPRequestOperation.m in Sources */ = {isa = PBXBuildFile; fileRef = AFEFA1D01A6D8A080012785B /* AFHTTPRequestOperation.m */; };
		AFEFA1E31A6D8A080012785B /* AFHTTPRequestOperationManager.m in Sources */ = {isa = PBXBuildFile; fileRef = AFEFA1D21A6D8A080012785B /* AFHTTPRequestOperationManager.m */; };
		AFEFA1E41A6D8A080012785B /* AFHTTPSessionManager.m in Sources */ = {isa = PBXBuildFile; fileRef = AFEFA1D41A6D8A080012785B /* AFHTTPSessionManager.m */; };
		AFEFA1E51A6D8A080012785B /* AFNetworkReachabilityManager.m in Sources */ = {isa = PBXBuildFile; fileRef = AFEFA1D71A6D8A080012785B /* AFNetworkReachabilityManager.m */; };
		AFEFA1E61A6D8A080012785B /* AFSecurityPolicy.m in Sources */ = {isa = PBXBuildFile; fileRef = AFEFA1D91A6D8A080012785B /* AFSecurityPolicy.m */; };
		AFEFA1E71A6D8A080012785B /* AFURLConnectionOperation.m in Sources */ = {isa = PBXBuildFile; fileRef = AFEFA1DB1A6D8A080012785B /* AFURLConnectionOperation.m */; };
		AFEFA1E81A6D8A080012785B /* AFURLRequestSerialization.m in Sources */ = {isa = PBXBuildFile; fileRef = AFEFA1DD1A6D8A080012785B /* AFURLRequestSerialization.m */; };
		AFEFA1E91A6D8A080012785B /* AFURLResponseSerialization.m in Sources */ = {isa = PBXBuildFile; fileRef = AFEFA1DF1A6D8A080012785B /* AFURLResponseSerialization.m */; };
		AFEFA1EA1A6D8A080012785B /* AFURLSessionManager.m in Sources */ = {isa = PBXBuildFile; fileRef = AFEFA1E11A6D8A080012785B /* AFURLSessionManager.m */; };
/* End PBXBuildFile section */

/* Begin PBXContainerItemProxy section */
		AF6133171A5309BA0081CABC /* PBXContainerItemProxy */ = {
			isa = PBXContainerItemProxy;
			containerPortal = AF6132F51A5309BA0081CABC /* Project object */;
			proxyType = 1;
			remoteGlobalIDString = AF6132FC1A5309BA0081CABC;
			remoteInfo = InstaPhoto;
		};
/* End PBXContainerItemProxy section */

/* Begin PBXFileReference section */
		AF58A4A11A53988800ED79E6 /* FeedViewController.h */ = {isa = PBXFileReference; fileEncoding = 4; lastKnownFileType = sourcecode.c.h; path = FeedViewController.h; sourceTree = "<group>"; };
		AF58A4A21A53988800ED79E6 /* FeedViewController.m */ = {isa = PBXFileReference; fileEncoding = 4; lastKnownFileType = sourcecode.c.objc; path = FeedViewController.m; sourceTree = "<group>"; };
		AF58A4A41A539D3200ED79E6 /* FavoritesViewController.h */ = {isa = PBXFileReference; fileEncoding = 4; lastKnownFileType = sourcecode.c.h; path = FavoritesViewController.h; sourceTree = "<group>"; };
		AF58A4A51A539D3200ED79E6 /* FavoritesViewController.m */ = {isa = PBXFileReference; fileEncoding = 4; lastKnownFileType = sourcecode.c.objc; path = FavoritesViewController.m; sourceTree = "<group>"; };
		AF58A4A71A53A03200ED79E6 /* ProfileViewController.h */ = {isa = PBXFileReference; fileEncoding = 4; lastKnownFileType = sourcecode.c.h; path = ProfileViewController.h; sourceTree = "<group>"; };
		AF58A4A81A53A03200ED79E6 /* ProfileViewController.m */ = {isa = PBXFileReference; fileEncoding = 4; lastKnownFileType = sourcecode.c.objc; path = ProfileViewController.m; sourceTree = "<group>"; };
		AF6132FD1A5309BA0081CABC /* InstaPhoto.app */ = {isa = PBXFileReference; explicitFileType = wrapper.application; includeInIndex = 0; path = InstaPhoto.app; sourceTree = BUILT_PRODUCTS_DIR; };
		AF6133011A5309BA0081CABC /* Info.plist */ = {isa = PBXFileReference; lastKnownFileType = text.plist.xml; path = Info.plist; sourceTree = "<group>"; };
		AF6133021A5309BA0081CABC /* main.m */ = {isa = PBXFileReference; lastKnownFileType = sourcecode.c.objc; path = main.m; sourceTree = "<group>"; };
		AF6133041A5309BA0081CABC /* AppDelegate.h */ = {isa = PBXFileReference; lastKnownFileType = sourcecode.c.h; path = AppDelegate.h; sourceTree = "<group>"; };
		AF6133051A5309BA0081CABC /* AppDelegate.m */ = {isa = PBXFileReference; lastKnownFileType = sourcecode.c.objc; path = AppDelegate.m; sourceTree = "<group>"; };
		AF6133071A5309BA0081CABC /* ViewController.h */ = {isa = PBXFileReference; lastKnownFileType = sourcecode.c.h; path = ViewController.h; sourceTree = "<group>"; };
		AF6133081A5309BA0081CABC /* ViewController.m */ = {isa = PBXFileReference; lastKnownFileType = sourcecode.c.objc; path = ViewController.m; sourceTree = "<group>"; };
		AF61330B1A5309BA0081CABC /* Base */ = {isa = PBXFileReference; lastKnownFileType = file.storyboard; name = Base; path = Base.lproj/Main.storyboard; sourceTree = "<group>"; };
		AF61330D1A5309BA0081CABC /* Images.xcassets */ = {isa = PBXFileReference; lastKnownFileType = folder.assetcatalog; path = Images.xcassets; sourceTree = "<group>"; };
		AF6133101A5309BA0081CABC /* Base */ = {isa = PBXFileReference; lastKnownFileType = file.xib; name = Base; path = Base.lproj/LaunchScreen.xib; sourceTree = "<group>"; };
		AF6133161A5309BA0081CABC /* InstaPhotoTests.xctest */ = {isa = PBXFileReference; explicitFileType = wrapper.cfbundle; includeInIndex = 0; path = InstaPhotoTests.xctest; sourceTree = BUILT_PRODUCTS_DIR; };
		AF61331B1A5309BA0081CABC /* Info.plist */ = {isa = PBXFileReference; lastKnownFileType = text.plist.xml; path = Info.plist; sourceTree = "<group>"; };
		AF61331C1A5309BA0081CABC /* InstaPhotoTests.m */ = {isa = PBXFileReference; lastKnownFileType = sourcecode.c.objc; path = InstaPhotoTests.m; sourceTree = "<group>"; };
		AFEFA1C81A6C237E0012785B /* FeedTableViewController.h */ = {isa = PBXFileReference; fileEncoding = 4; lastKnownFileType = sourcecode.c.h; path = FeedTableViewController.h; sourceTree = "<group>"; };
		AFEFA1C91A6C237E0012785B /* FeedTableViewController.m */ = {isa = PBXFileReference; fileEncoding = 4; lastKnownFileType = sourcecode.c.objc; path = FeedTableViewController.m; sourceTree = "<group>"; };
		AFEFA1CB1A6C6DBB0012785B /* PhotoViewController.h */ = {isa = PBXFileReference; fileEncoding = 4; lastKnownFileType = sourcecode.c.h; path = PhotoViewController.h; sourceTree = "<group>"; };
		AFEFA1CC1A6C6DBB0012785B /* PhotoViewController.m */ = {isa = PBXFileReference; fileEncoding = 4; lastKnownFileType = sourcecode.c.objc; path = PhotoViewController.m; sourceTree = "<group>"; };
		AFEFA1CF1A6D8A080012785B /* AFHTTPRequestOperation.h */ = {isa = PBXFileReference; fileEncoding = 4; lastKnownFileType = sourcecode.c.h; path = AFHTTPRequestOperation.h; sourceTree = "<group>"; };
		AFEFA1D01A6D8A080012785B /* AFHTTPRequestOperation.m */ = {isa = PBXFileReference; fileEncoding = 4; lastKnownFileType = sourcecode.c.objc; path = AFHTTPRequestOperation.m; sourceTree = "<group>"; };
		AFEFA1D11A6D8A080012785B /* AFHTTPRequestOperationManager.h */ = {isa = PBXFileReference; fileEncoding = 4; lastKnownFileType = sourcecode.c.h; path = AFHTTPRequestOperationManager.h; sourceTree = "<group>"; };
		AFEFA1D21A6D8A080012785B /* AFHTTPRequestOperationManager.m */ = {isa = PBXFileReference; fileEncoding = 4; lastKnownFileType = sourcecode.c.objc; path = AFHTTPRequestOperationManager.m; sourceTree = "<group>"; };
		AFEFA1D31A6D8A080012785B /* AFHTTPSessionManager.h */ = {isa = PBXFileReference; fileEncoding = 4; lastKnownFileType = sourcecode.c.h; path = AFHTTPSessionManager.h; sourceTree = "<group>"; };
		AFEFA1D41A6D8A080012785B /* AFHTTPSessionManager.m */ = {isa = PBXFileReference; fileEncoding = 4; lastKnownFileType = sourcecode.c.objc; path = AFHTTPSessionManager.m; sourceTree = "<group>"; };
		AFEFA1D51A6D8A080012785B /* AFNetworking.h */ = {isa = PBXFileReference; fileEncoding = 4; lastKnownFileType = sourcecode.c.h; path = AFNetworking.h; sourceTree = "<group>"; };
		AFEFA1D61A6D8A080012785B /* AFNetworkReachabilityManager.h */ = {isa = PBXFileReference; fileEncoding = 4; lastKnownFileType = sourcecode.c.h; path = AFNetworkReachabilityManager.h; sourceTree = "<group>"; };
		AFEFA1D71A6D8A080012785B /* AFNetworkReachabilityManager.m */ = {isa = PBXFileReference; fileEncoding = 4; lastKnownFileType = sourcecode.c.objc; path = AFNetworkReachabilityManager.m; sourceTree = "<group>"; };
		AFEFA1D81A6D8A080012785B /* AFSecurityPolicy.h */ = {isa = PBXFileReference; fileEncoding = 4; lastKnownFileType = sourcecode.c.h; path = AFSecurityPolicy.h; sourceTree = "<group>"; };
		AFEFA1D91A6D8A080012785B /* AFSecurityPolicy.m */ = {isa = PBXFileReference; fileEncoding = 4; lastKnownFileType = sourcecode.c.objc; path = AFSecurityPolicy.m; sourceTree = "<group>"; };
		AFEFA1DA1A6D8A080012785B /* AFURLConnectionOperation.h */ = {isa = PBXFileReference; fileEncoding = 4; lastKnownFileType = sourcecode.c.h; path = AFURLConnectionOperation.h; sourceTree = "<group>"; };
		AFEFA1DB1A6D8A080012785B /* AFURLConnectionOperation.m */ = {isa = PBXFileReference; fileEncoding = 4; lastKnownFileType = sourcecode.c.objc; path = AFURLConnectionOperation.m; sourceTree = "<group>"; };
		AFEFA1DC1A6D8A080012785B /* AFURLRequestSerialization.h */ = {isa = PBXFileReference; fileEncoding = 4; lastKnownFileType = sourcecode.c.h; path = AFURLRequestSerialization.h; sourceTree = "<group>"; };
		AFEFA1DD1A6D8A080012785B /* AFURLRequestSerialization.m */ = {isa = PBXFileReference; fileEncoding = 4; lastKnownFileType = sourcecode.c.objc; path = AFURLRequestSerialization.m; sourceTree = "<group>"; };
		AFEFA1DE1A6D8A080012785B /* AFURLResponseSerialization.h */ = {isa = PBXFileReference; fileEncoding = 4; lastKnownFileType = sourcecode.c.h; path = AFURLResponseSerialization.h; sourceTree = "<group>"; };
		AFEFA1DF1A6D8A080012785B /* AFURLResponseSerialization.m */ = {isa = PBXFileReference; fileEncoding = 4; lastKnownFileType = sourcecode.c.objc; path = AFURLResponseSerialization.m; sourceTree = "<group>"; };
		AFEFA1E01A6D8A080012785B /* AFURLSessionManager.h */ = {isa = PBXFileReference; fileEncoding = 4; lastKnownFileType = sourcecode.c.h; path = AFURLSessionManager.h; sourceTree = "<group>"; };
		AFEFA1E11A6D8A080012785B /* AFURLSessionManager.m */ = {isa = PBXFileReference; fileEncoding = 4; lastKnownFileType = sourcecode.c.objc; path = AFURLSessionManager.m; sourceTree = "<group>"; };
/* End PBXFileReference section */

/* Begin PBXFrameworksBuildPhase section */
		AF6132FA1A5309BA0081CABC /* Frameworks */ = {
			isa = PBXFrameworksBuildPhase;
			buildActionMask = 2147483647;
			files = (
			);
			runOnlyForDeploymentPostprocessing = 0;
		};
		AF6133131A5309BA0081CABC /* Frameworks */ = {
			isa = PBXFrameworksBuildPhase;
			buildActionMask = 2147483647;
			files = (
			);
			runOnlyForDeploymentPostprocessing = 0;
		};
/* End PBXFrameworksBuildPhase section */

/* Begin PBXGroup section */
		AF6132F41A5309BA0081CABC = {
			isa = PBXGroup;
			children = (
				AF6132FF1A5309BA0081CABC /* InstaPhoto */,
				AF6133191A5309BA0081CABC /* InstaPhotoTests */,
				AF6132FE1A5309BA0081CABC /* Products */,
			);
			sourceTree = "<group>";
		};
		AF6132FE1A5309BA0081CABC /* Products */ = {
			isa = PBXGroup;
			children = (
				AF6132FD1A5309BA0081CABC /* InstaPhoto.app */,
				AF6133161A5309BA0081CABC /* InstaPhotoTests.xctest */,
			);
			name = Products;
			sourceTree = "<group>";
		};
		AF6132FF1A5309BA0081CABC /* InstaPhoto */ = {
			isa = PBXGroup;
			children = (
				AF6133041A5309BA0081CABC /* AppDelegate.h */,
				AF6133051A5309BA0081CABC /* AppDelegate.m */,
				AF58A4A71A53A03200ED79E6 /* ProfileViewController.h */,
				AFEFA1CE1A6D8A080012785B /* AFNetworking */,
				AF58A4A81A53A03200ED79E6 /* ProfileViewController.m */,
				AF58A4A41A539D3200ED79E6 /* FavoritesViewController.h */,
				AF58A4A51A539D3200ED79E6 /* FavoritesViewController.m */,
				AFEFA1C81A6C237E0012785B /* FeedTableViewController.h */,
				AFEFA1C91A6C237E0012785B /* FeedTableViewController.m */,
				AFEFA1CB1A6C6DBB0012785B /* PhotoViewController.h */,
				AFEFA1CC1A6C6DBB0012785B /* PhotoViewController.m */,
				AF58A4A11A53988800ED79E6 /* FeedViewController.h */,
				AF58A4A21A53988800ED79E6 /* FeedViewController.m */,
				AF6133071A5309BA0081CABC /* ViewController.h */,
				AF6133081A5309BA0081CABC /* ViewController.m */,
				AF61330A1A5309BA0081CABC /* Main.storyboard */,
				AF61330D1A5309BA0081CABC /* Images.xcassets */,
				AF61330F1A5309BA0081CABC /* LaunchScreen.xib */,
				AF6133001A5309BA0081CABC /* Supporting Files */,
			);
			path = InstaPhoto;
			sourceTree = "<group>";
		};
		AF6133001A5309BA0081CABC /* Supporting Files */ = {
			isa = PBXGroup;
			children = (
				AF6133011A5309BA0081CABC /* Info.plist */,
				AF6133021A5309BA0081CABC /* main.m */,
			);
			name = "Supporting Files";
			sourceTree = "<group>";
		};
		AF6133191A5309BA0081CABC /* InstaPhotoTests */ = {
			isa = PBXGroup;
			children = (
				AF61331C1A5309BA0081CABC /* InstaPhotoTests.m */,
				AF61331A1A5309BA0081CABC /* Supporting Files */,
			);
			path = InstaPhotoTests;
			sourceTree = "<group>";
		};
		AF61331A1A5309BA0081CABC /* Supporting Files */ = {
			isa = PBXGroup;
			children = (
				AF61331B1A5309BA0081CABC /* Info.plist */,
			);
			name = "Supporting Files";
			sourceTree = "<group>";
		};
		AFEFA1CE1A6D8A080012785B /* AFNetworking */ = {
			isa = PBXGroup;
			children = (
				AFEFA1CF1A6D8A080012785B /* AFHTTPRequestOperation.h */,
				AFEFA1D01A6D8A080012785B /* AFHTTPRequestOperation.m */,
				AFEFA1D11A6D8A080012785B /* AFHTTPRequestOperationManager.h */,
				AFEFA1D21A6D8A080012785B /* AFHTTPRequestOperationManager.m */,
				AFEFA1D31A6D8A080012785B /* AFHTTPSessionManager.h */,
				AFEFA1D41A6D8A080012785B /* AFHTTPSessionManager.m */,
				AFEFA1D51A6D8A080012785B /* AFNetworking.h */,
				AFEFA1D61A6D8A080012785B /* AFNetworkReachabilityManager.h */,
				AFEFA1D71A6D8A080012785B /* AFNetworkReachabilityManager.m */,
				AFEFA1D81A6D8A080012785B /* AFSecurityPolicy.h */,
				AFEFA1D91A6D8A080012785B /* AFSecurityPolicy.m */,
				AFEFA1DA1A6D8A080012785B /* AFURLConnectionOperation.h */,
				AFEFA1DB1A6D8A080012785B /* AFURLConnectionOperation.m */,
				AFEFA1DC1A6D8A080012785B /* AFURLRequestSerialization.h */,
				AFEFA1DD1A6D8A080012785B /* AFURLRequestSerialization.m */,
				AFEFA1DE1A6D8A080012785B /* AFURLResponseSerialization.h */,
				AFEFA1DF1A6D8A080012785B /* AFURLResponseSerialization.m */,
				AFEFA1E01A6D8A080012785B /* AFURLSessionManager.h */,
				AFEFA1E11A6D8A080012785B /* AFURLSessionManager.m */,
			);
			path = AFNetworking;
			sourceTree = "<group>";
		};
/* End PBXGroup section */

/* Begin PBXNativeTarget section */
		AF6132FC1A5309BA0081CABC /* InstaPhoto */ = {
			isa = PBXNativeTarget;
			buildConfigurationList = AF6133201A5309BA0081CABC /* Build configuration list for PBXNativeTarget "InstaPhoto" */;
			buildPhases = (
				AF6132F91A5309BA0081CABC /* Sources */,
				AF6132FA1A5309BA0081CABC /* Frameworks */,
				AF6132FB1A5309BA0081CABC /* Resources */,
			);
			buildRules = (
			);
			dependencies = (
			);
			name = InstaPhoto;
			productName = InstaPhoto;
			productReference = AF6132FD1A5309BA0081CABC /* InstaPhoto.app */;
			productType = "com.apple.product-type.application";
		};
		AF6133151A5309BA0081CABC /* InstaPhotoTests */ = {
			isa = PBXNativeTarget;
			buildConfigurationList = AF6133231A5309BA0081CABC /* Build configuration list for PBXNativeTarget "InstaPhotoTests" */;
			buildPhases = (
				AF6133121A5309BA0081CABC /* Sources */,
				AF6133131A5309BA0081CABC /* Frameworks */,
				AF6133141A5309BA0081CABC /* Resources */,
			);
			buildRules = (
			);
			dependencies = (
				AF6133181A5309BA0081CABC /* PBXTargetDependency */,
			);
			name = InstaPhotoTests;
			productName = InstaPhotoTests;
			productReference = AF6133161A5309BA0081CABC /* InstaPhotoTests.xctest */;
			productType = "com.apple.product-type.bundle.unit-test";
		};
/* End PBXNativeTarget section */

/* Begin PBXProject section */
		AF6132F51A5309BA0081CABC /* Project object */ = {
			isa = PBXProject;
			attributes = {
				LastUpgradeCheck = 0610;
				ORGANIZATIONNAME = "Mario Abruzzi";
				TargetAttributes = {
					AF6132FC1A5309BA0081CABC = {
						CreatedOnToolsVersion = 6.1.1;
					};
					AF6133151A5309BA0081CABC = {
						CreatedOnToolsVersion = 6.1.1;
						TestTargetID = AF6132FC1A5309BA0081CABC;
					};
				};
			};
			buildConfigurationList = AF6132F81A5309BA0081CABC /* Build configuration list for PBXProject "InstaPhoto" */;
			compatibilityVersion = "Xcode 3.2";
			developmentRegion = English;
			hasScannedForEncodings = 0;
			knownRegions = (
				en,
				Base,
			);
			mainGroup = AF6132F41A5309BA0081CABC;
			productRefGroup = AF6132FE1A5309BA0081CABC /* Products */;
			projectDirPath = "";
			projectRoot = "";
			targets = (
				AF6132FC1A5309BA0081CABC /* InstaPhoto */,
				AF6133151A5309BA0081CABC /* InstaPhotoTests */,
			);
		};
/* End PBXProject section */

/* Begin PBXResourcesBuildPhase section */
		AF6132FB1A5309BA0081CABC /* Resources */ = {
			isa = PBXResourcesBuildPhase;
			buildActionMask = 2147483647;
			files = (
				AF61330C1A5309BA0081CABC /* Main.storyboard in Resources */,
				AF6133111A5309BA0081CABC /* LaunchScreen.xib in Resources */,
				AF61330E1A5309BA0081CABC /* Images.xcassets in Resources */,
			);
			runOnlyForDeploymentPostprocessing = 0;
		};
		AF6133141A5309BA0081CABC /* Resources */ = {
			isa = PBXResourcesBuildPhase;
			buildActionMask = 2147483647;
			files = (
			);
			runOnlyForDeploymentPostprocessing = 0;
		};
/* End PBXResourcesBuildPhase section */

/* Begin PBXSourcesBuildPhase section */
		AF6132F91A5309BA0081CABC /* Sources */ = {
			isa = PBXSourcesBuildPhase;
			buildActionMask = 2147483647;
			files = (
				AFEFA1EA1A6D8A080012785B /* AFURLSessionManager.m in Sources */,
				AFEFA1E71A6D8A080012785B /* AFURLConnectionOperation.m in Sources */,
				AFEFA1E21A6D8A080012785B /* AFHTTPRequestOperation.m in Sources */,
				AF58A4A61A539D3200ED79E6 /* FavoritesViewController.m in Sources */,
				AFEFA1E31A6D8A080012785B /* AFHTTPRequestOperationManager.m in Sources */,
				AFEFA1CD1A6C6DBB0012785B /* PhotoViewController.m in Sources */,
				AF6133091A5309BA0081CABC /* ViewController.m in Sources */,
				AFEFA1E41A6D8A080012785B /* AFHTTPSessionManager.m in Sources */,
				AF6133061A5309BA0081CABC /* AppDelegate.m in Sources */,
				AFEFA1CA1A6C237E0012785B /* FeedTableViewController.m in Sources */,
				AF58A4A31A53988800ED79E6 /* FeedViewController.m in Sources */,
				AFEFA1E61A6D8A080012785B /* AFSecurityPolicy.m in Sources */,
				AF58A4A91A53A03200ED79E6 /* ProfileViewController.m in Sources */,
				AFEFA1E81A6D8A080012785B /* AFURLRequestSerialization.m in Sources */,
				AFEFA1E51A6D8A080012785B /* AFNetworkReachabilityManager.m in Sources */,
				AFEFA1E91A6D8A080012785B /* AFURLResponseSerialization.m in Sources */,
				AF6133031A5309BA0081CABC /* main.m in Sources */,
			);
			runOnlyForDeploymentPostprocessing = 0;
		};
		AF6133121A5309BA0081CABC /* Sources */ = {
			isa = PBXSourcesBuildPhase;
			buildActionMask = 2147483647;
			files = (
				AF61331D1A5309BA0081CABC /* InstaPhotoTests.m in Sources */,
			);
			runOnlyForDeploymentPostprocessing = 0;
		};
/* End PBXSourcesBuildPhase section */

/* Begin PBXTargetDependency section */
		AF6133181A5309BA0081CABC /* PBXTargetDependency */ = {
			isa = PBXTargetDependency;
			target = AF6132FC1A5309BA0081CABC /* InstaPhoto */;
			targetProxy = AF6133171A5309BA0081CABC /* PBXContainerItemProxy */;
		};
/* End PBXTargetDependency section */

/* Begin PBXVariantGroup section */
		AF61330A1A5309BA0081CABC /* Main.storyboard */ = {
			isa = PBXVariantGroup;
			children = (
				AF61330B1A5309BA0081CABC /* Base */,
			);
			name = Main.storyboard;
			sourceTree = "<group>";
		};
		AF61330F1A5309BA0081CABC /* LaunchScreen.xib */ = {
			isa = PBXVariantGroup;
			children = (
				AF6133101A5309BA0081CABC /* Base */,
			);
			name = LaunchScreen.xib;
			sourceTree = "<group>";
		};
/* End PBXVariantGroup section */

/* Begin XCBuildConfiguration section */
		AF61331E1A5309BA0081CABC /* Debug */ = {
			isa = XCBuildConfiguration;
			buildSettings = {
				ALWAYS_SEARCH_USER_PATHS = NO;
				CLANG_CXX_LANGUAGE_STANDARD = "gnu++0x";
				CLANG_CXX_LIBRARY = "libc++";
				CLANG_ENABLE_MODULES = YES;
				CLANG_ENABLE_OBJC_ARC = YES;
				CLANG_WARN_BOOL_CONVERSION = YES;
				CLANG_WARN_CONSTANT_CONVERSION = YES;
				CLANG_WARN_DIRECT_OBJC_ISA_USAGE = YES_ERROR;
				CLANG_WARN_EMPTY_BODY = YES;
				CLANG_WARN_ENUM_CONVERSION = YES;
				CLANG_WARN_INT_CONVERSION = YES;
				CLANG_WARN_OBJC_ROOT_CLASS = YES_ERROR;
				CLANG_WARN_UNREACHABLE_CODE = YES;
				CLANG_WARN__DUPLICATE_METHOD_MATCH = YES;
				"CODE_SIGN_IDENTITY[sdk=iphoneos*]" = "iPhone Developer";
				COPY_PHASE_STRIP = NO;
				ENABLE_STRICT_OBJC_MSGSEND = YES;
				GCC_C_LANGUAGE_STANDARD = gnu99;
				GCC_DYNAMIC_NO_PIC = NO;
				GCC_OPTIMIZATION_LEVEL = 0;
				GCC_PREPROCESSOR_DEFINITIONS = (
					"DEBUG=1",
					"$(inherited)",
				);
				GCC_SYMBOLS_PRIVATE_EXTERN = NO;
				GCC_WARN_64_TO_32_BIT_CONVERSION = YES;
				GCC_WARN_ABOUT_RETURN_TYPE = YES_ERROR;
				GCC_WARN_UNDECLARED_SELECTOR = YES;
				GCC_WARN_UNINITIALIZED_AUTOS = YES_AGGRESSIVE;
				GCC_WARN_UNUSED_FUNCTION = YES;
				GCC_WARN_UNUSED_VARIABLE = YES;
				IPHONEOS_DEPLOYMENT_TARGET = 8.1;
				MTL_ENABLE_DEBUG_INFO = YES;
				ONLY_ACTIVE_ARCH = YES;
				SDKROOT = iphoneos;
			};
			name = Debug;
		};
		AF61331F1A5309BA0081CABC /* Release */ = {
			isa = XCBuildConfiguration;
			buildSettings = {
				ALWAYS_SEARCH_USER_PATHS = NO;
				CLANG_CXX_LANGUAGE_STANDARD = "gnu++0x";
				CLANG_CXX_LIBRARY = "libc++";
				CLANG_ENABLE_MODULES = YES;
				CLANG_ENABLE_OBJC_ARC = YES;
				CLANG_WARN_BOOL_CONVERSION = YES;
				CLANG_WARN_CONSTANT_CONVERSION = YES;
				CLANG_WARN_DIRECT_OBJC_ISA_USAGE = YES_ERROR;
				CLANG_WARN_EMPTY_BODY = YES;
				CLANG_WARN_ENUM_CONVERSION = YES;
				CLANG_WARN_INT_CONVERSION = YES;
				CLANG_WARN_OBJC_ROOT_CLASS = YES_ERROR;
				CLANG_WARN_UNREACHABLE_CODE = YES;
				CLANG_WARN__DUPLICATE_METHOD_MATCH = YES;
				"CODE_SIGN_IDENTITY[sdk=iphoneos*]" = "iPhone Developer";
				COPY_PHASE_STRIP = YES;
				ENABLE_NS_ASSERTIONS = NO;
				ENABLE_STRICT_OBJC_MSGSEND = YES;
				GCC_C_LANGUAGE_STANDARD = gnu99;
				GCC_WARN_64_TO_32_BIT_CONVERSION = YES;
				GCC_WARN_ABOUT_RETURN_TYPE = YES_ERROR;
				GCC_WARN_UNDECLARED_SELECTOR = YES;
				GCC_WARN_UNINITIALIZED_AUTOS = YES_AGGRESSIVE;
				GCC_WARN_UNUSED_FUNCTION = YES;
				GCC_WARN_UNUSED_VARIABLE = YES;
				IPHONEOS_DEPLOYMENT_TARGET = 8.1;
				MTL_ENABLE_DEBUG_INFO = NO;
				SDKROOT = iphoneos;
				VALIDATE_PRODUCT = YES;
			};
			name = Release;
		};
		AF6133211A5309BA0081CABC /* Debug */ = {
			isa = XCBuildConfiguration;
			buildSettings = {
				ASSETCATALOG_COMPILER_APPICON_NAME = AppIcon;
				INFOPLIST_FILE = InstaPhoto/Info.plist;
				LD_RUNPATH_SEARCH_PATHS = "$(inherited) @executable_path/Frameworks";
				PRODUCT_NAME = "$(TARGET_NAME)";
			};
			name = Debug;
		};
		AF6133221A5309BA0081CABC /* Release */ = {
			isa = XCBuildConfiguration;
			buildSettings = {
				ASSETCATALOG_COMPILER_APPICON_NAME = AppIcon;
				INFOPLIST_FILE = InstaPhoto/Info.plist;
				LD_RUNPATH_SEARCH_PATHS = "$(inherited) @executable_path/Frameworks";
				PRODUCT_NAME = "$(TARGET_NAME)";
			};
			name = Release;
		};
		AF6133241A5309BA0081CABC /* Debug */ = {
			isa = XCBuildConfiguration;
			buildSettings = {
				BUNDLE_LOADER = "$(TEST_HOST)";
				FRAMEWORK_SEARCH_PATHS = (
					"$(SDKROOT)/Developer/Library/Frameworks",
					"$(inherited)",
				);
				GCC_PREPROCESSOR_DEFINITIONS = (
					"DEBUG=1",
					"$(inherited)",
				);
				INFOPLIST_FILE = InstaPhotoTests/Info.plist;
				LD_RUNPATH_SEARCH_PATHS = "$(inherited) @executable_path/Frameworks @loader_path/Frameworks";
				PRODUCT_NAME = "$(TARGET_NAME)";
				TEST_HOST = "$(BUILT_PRODUCTS_DIR)/InstaPhoto.app/InstaPhoto";
			};
			name = Debug;
		};
		AF6133251A5309BA0081CABC /* Release */ = {
			isa = XCBuildConfiguration;
			buildSettings = {
				BUNDLE_LOADER = "$(TEST_HOST)";
				FRAMEWORK_SEARCH_PATHS = (
					"$(SDKROOT)/Developer/Library/Frameworks",
					"$(inherited)",
				);
				INFOPLIST_FILE = InstaPhotoTests/Info.plist;
				LD_RUNPATH_SEARCH_PATHS = "$(inherited) @executable_path/Frameworks @loader_path/Frameworks";
				PRODUCT_NAME = "$(TARGET_NAME)";
				TEST_HOST = "$(BUILT_PRODUCTS_DIR)/InstaPhoto.app/InstaPhoto";
			};
			name = Release;
		};
/* End XCBuildConfiguration section */

/* Begin XCConfigurationList section */
		AF6132F81A5309BA0081CABC /* Build configuration list for PBXProject "InstaPhoto" */ = {
			isa = XCConfigurationList;
			buildConfigurations = (
				AF61331E1A5309BA0081CABC /* Debug */,
				AF61331F1A5309BA0081CABC /* Release */,
			);
			defaultConfigurationIsVisible = 0;
			defaultConfigurationName = Release;
		};
		AF6133201A5309BA0081CABC /* Build configuration list for PBXNativeTarget "InstaPhoto" */ = {
			isa = XCConfigurationList;
			buildConfigurations = (
				AF6133211A5309BA0081CABC /* Debug */,
				AF6133221A5309BA0081CABC /* Release */,
			);
			defaultConfigurationIsVisible = 0;
			defaultConfigurationName = Release;
		};
		AF6133231A5309BA0081CABC /* Build configuration list for PBXNativeTarget "InstaPhotoTests" */ = {
			isa = XCConfigurationList;
			buildConfigurations = (
				AF6133241A5309BA0081CABC /* Debug */,
				AF6133251A5309BA0081CABC /* Release */,
			);
			defaultConfigurationIsVisible = 0;
			defaultConfigurationName = Release;
		};
/* End XCConfigurationList section */
	};
	rootObject = AF6132F51A5309BA0081CABC /* Project object */;
}
